{"1.1.0",
[{<<"erlport">>,
  {git,"https://github.com/hdima/erlport.git",
       {ref,"246b7722d62b87b48be66d9a871509a537728962"}},
  0},
 {<<"eunit_formatters">>,
  {git,"https://github.com/seancribbs/eunit_formatters.git",
       {ref,"473e0cd89bf5608e97886a3bdf9047a16edc88f0"}},
  0},
 {<<"goldrush">>,{pkg,<<"goldrush">>,<<"0.1.9">>},1},
 {<<"lager">>,{pkg,<<"lager">>,<<"3.5.1">>},0},
 {<<"meck">>,{pkg,<<"meck">>,<<"0.8.13">>},0}]}.
[
{pkg_hash,[
 {<<"goldrush">>, <<"F06E5D5F1277DA5C413E84D5A2924174182FB108DABB39D5EC548B27424CD106">>},
 {<<"lager">>, <<"63897A61AF646C59BB928FEE9756CE8BDD02D5A1A2F3551D4A5E38386C2CC071">>},
 {<<"meck">>, <<"FFEDB39F99B0B99703B8601C6F17C7F76313EE12DE6B646E671E3188401F7866">>}]}
].
